
Microsoft Visual Studio Solution File, Format Version 12.00
# Visual Studio Version 17
VisualStudioVersion = 17.3.32825.248
MinimumVisualStudioVersion = 10.0.40219.1
Project("{FAE04EC0-301F-11D3-BF4B-00C04F79EFBC}") = "Server", "Server\Server.csproj", "{7C16931C-610B-4DC7-BA85-4678341039A0}"
EndProject
Project("{FAE04EC0-301F-11D3-BF4B-00C04F79EFBC}") = "Desktop", "DesktopMusicApp\Desktop.csproj", "{AE0519E6-2BED-4D02-9B98-6D716D2DADF2}"
EndProject
Project("{FAE04EC0-301F-11D3-BF4B-00C04F79EFBC}") = "Shared", "Shared\Shared.csproj", "{F3C70904-14CD-4FF4-AC37-09F5250C6AFB}"
EndProject
Global
	GlobalSection(SolutionConfigurationPlatforms) = preSolution
		Debug|Any CPU = Debug|Any CPU
		Release|Any CPU = Release|Any CPU
	EndGlobalSection
	GlobalSection(ProjectConfigurationPlatforms) = postSolution
		{7C16931C-610B-4DC7-BA85-4678341039A0}.Debug|Any CPU.ActiveCfg = Debug|Any CPU
		{7C16931C-610B-4DC7-BA85-4678341039A0}.Debug|Any CPU.Build.0 = Debug|Any CPU
		{7C16931C-610B-4DC7-BA85-4678341039A0}.Release|Any CPU.ActiveCfg = Release|Any CPU
		{7C16931C-610B-4DC7-BA85-4678341039A0}.Release|Any CPU.Build.0 = Release|Any CPU
		{AE0519E6-2BED-4D02-9B98-6D716D2DADF2}.Debug|Any CPU.ActiveCfg = Debug|Any CPU
		{AE0519E6-2BED-4D02-9B98-6D716D2DADF2}.Debug|Any CPU.Build.0 = Debug|Any CPU
		{AE0519E6-2BED-4D02-9B98-6D716D2DADF2}.Release|Any CPU.ActiveCfg = Release|Any CPU
		{AE0519E6-2BED-4D02-9B98-6D716D2DADF2}.Release|Any CPU.Build.0 = Release|Any CPU
		{F3C70904-14CD-4FF4-AC37-09F5250C6AFB}.Debug|Any CPU.ActiveCfg = Debug|Any CPU
		{F3C70904-14CD-4FF4-AC37-09F5250C6AFB}.Debug|Any CPU.Build.0 = Debug|Any CPU
		{F3C70904-14CD-4FF4-AC37-09F5250C6AFB}.Release|Any CPU.ActiveCfg = Release|Any CPU
		{F3C70904-14CD-4FF4-AC37-09F5250C6AFB}.Release|Any CPU.Build.0 = Release|Any CPU
	EndGlobalSection
	GlobalSection(SolutionProperties) = preSolution
		HideSolutionNode = FALSE
	EndGlobalSection
	GlobalSection(ExtensibilityGlobals) = postSolution
		SolutionGuid = {1F51C419-62F7-4644-A450-8BF2275455AD}
	EndGlobalSection
EndGlobal
